// !$*UTF8*$!
{
	archiveVersion = 1;
	classes = {
	};
	objectVersion = 46;
	objects = {

/* Begin PBXBuildFile section */
		5B0F20B61ABD3D460015B2D6 /* shadow.c in Sources */ = {isa = PBXBuildFile; fileRef = 5B0F20B51ABD3D460015B2D6 /* shadow.c */; };
		5B3A55D11ABA4FE200A2D9F7 /* FlyingJavaboView.h in Headers */ = {isa = PBXBuildFile; fileRef = 5B3A55D01ABA4FE200A2D9F7 /* FlyingJavaboView.h */; };
		5B3A55D31ABA4FE200A2D9F7 /* FlyingJavaboView.m in Sources */ = {isa = PBXBuildFile; fileRef = 5B3A55D21ABA4FE200A2D9F7 /* FlyingJavaboView.m */; };
		5B3A55DB1ABA58EC00A2D9F7 /* JavaboGLView.h in Headers */ = {isa = PBXBuildFile; fileRef = 5B3A55D91ABA58EC00A2D9F7 /* JavaboGLView.h */; };
		5B3A55DC1ABA58EC00A2D9F7 /* JavaboGLView.m in Sources */ = {isa = PBXBuildFile; fileRef = 5B3A55DA1ABA58EC00A2D9F7 /* JavaboGLView.m */; };
		5B3A55E11ABA78D200A2D9F7 /* floor.c in Sources */ = {isa = PBXBuildFile; fileRef = 5B3A55DF1ABA78D200A2D9F7 /* floor.c */; };
		5B3A55E51ABA8D8200A2D9F7 /* sky.c in Sources */ = {isa = PBXBuildFile; fileRef = 5B3A55E31ABA8D8200A2D9F7 /* sky.c */; };
		5B3A55E81ABA98B100A2D9F7 /* javabutton.png in Resources */ = {isa = PBXBuildFile; fileRef = 5B3A55E71ABA98B100A2D9F7 /* javabutton.png */; };
		5B3A55EB1ABA994400A2D9F7 /* JavaButton.h in Headers */ = {isa = PBXBuildFile; fileRef = 5B3A55E91ABA994400A2D9F7 /* JavaButton.h */; };
		5B3A55EC1ABA994400A2D9F7 /* JavaButton.m in Sources */ = {isa = PBXBuildFile; fileRef = 5B3A55EA1ABA994400A2D9F7 /* JavaButton.m */; };
		5B5D922F1ABC070500AD7009 /* duke.png in Resources */ = {isa = PBXBuildFile; fileRef = 5B5D922E1ABC070500AD7009 /* duke.png */; };
		5B5D92321ABC0DD900AD7009 /* Duke.h in Headers */ = {isa = PBXBuildFile; fileRef = 5B5D92301ABC0DD900AD7009 /* Duke.h */; };
		5B5D92331ABC0DD900AD7009 /* Duke.m in Sources */ = {isa = PBXBuildFile; fileRef = 5B5D92311ABC0DD900AD7009 /* Duke.m */; };
		5BF51C461ABABE7A00CA470F /* libcrypto.dylib in Frameworks */ = {isa = PBXBuildFile; fileRef = 5BF51C451ABABE7A00CA470F /* libcrypto.dylib */; };
/* End PBXBuildFile section */

/* Begin PBXFileReference section */
		5B0F20B51ABD3D460015B2D6 /* shadow.c */ = {isa = PBXFileReference; fileEncoding = 4; lastKnownFileType = sourcecode.c.c; path = shadow.c; sourceTree = "<group>"; };
		5B3A55CB1ABA4FE200A2D9F7 /* FlyingJavabo.saver */ = {isa = PBXFileReference; explicitFileType = wrapper.cfbundle; includeInIndex = 0; path = FlyingJavabo.saver; sourceTree = BUILT_PRODUCTS_DIR; };
		5B3A55CF1ABA4FE200A2D9F7 /* Info.plist */ = {isa = PBXFileReference; lastKnownFileType = text.plist.xml; path = Info.plist; sourceTree = "<group>"; };
		5B3A55D01ABA4FE200A2D9F7 /* FlyingJavaboView.h */ = {isa = PBXFileReference; lastKnownFileType = sourcecode.c.h; path = FlyingJavaboView.h; sourceTree = "<group>"; };
		5B3A55D21ABA4FE200A2D9F7 /* FlyingJavaboView.m */ = {isa = PBXFileReference; lastKnownFileType = sourcecode.c.objc; path = FlyingJavaboView.m; sourceTree = "<group>"; };
		5B3A55D91ABA58EC00A2D9F7 /* JavaboGLView.h */ = {isa = PBXFileReference; fileEncoding = 4; lastKnownFileType = sourcecode.c.h; path = JavaboGLView.h; sourceTree = "<group>"; };
		5B3A55DA1ABA58EC00A2D9F7 /* JavaboGLView.m */ = {isa = PBXFileReference; fileEncoding = 4; lastKnownFileType = sourcecode.c.objc; path = JavaboGLView.m; sourceTree = "<group>"; };
		5B3A55DF1ABA78D200A2D9F7 /* floor.c */ = {isa = PBXFileReference; fileEncoding = 4; lastKnownFileType = sourcecode.c.c; path = floor.c; sourceTree = "<group>"; };
		5B3A55E31ABA8D8200A2D9F7 /* sky.c */ = {isa = PBXFileReference; fileEncoding = 4; lastKnownFileType = sourcecode.c.c; path = sky.c; sourceTree = "<group>"; };
		5B3A55E71ABA98B100A2D9F7 /* javabutton.png */ = {isa = PBXFileReference; lastKnownFileType = image.png; path = javabutton.png; sourceTree = "<group>"; };
		5B3A55E91ABA994400A2D9F7 /* JavaButton.h */ = {isa = PBXFileReference; fileEncoding = 4; lastKnownFileType = sourcecode.c.h; path = JavaButton.h; sourceTree = "<group>"; };
		5B3A55EA1ABA994400A2D9F7 /* JavaButton.m */ = {isa = PBXFileReference; fileEncoding = 4; lastKnownFileType = sourcecode.c.objc; path = JavaButton.m; sourceTree = "<group>"; };
		5B5D922E1ABC070500AD7009 /* duke.png */ = {isa = PBXFileReference; lastKnownFileType = image.png; path = duke.png; sourceTree = "<group>"; };
		5B5D92301ABC0DD900AD7009 /* Duke.h */ = {isa = PBXFileReference; fileEncoding = 4; lastKnownFileType = sourcecode.c.h; path = Duke.h; sourceTree = "<group>"; };
		5B5D92311ABC0DD900AD7009 /* Duke.m */ = {isa = PBXFileReference; fileEncoding = 4; lastKnownFileType = sourcecode.c.objc; path = Duke.m; sourceTree = "<group>"; };
		5BF51C451ABABE7A00CA470F /* libcrypto.dylib */ = {isa = PBXFileReference; lastKnownFileType = "compiled.mach-o.dylib"; name = libcrypto.dylib; path = usr/lib/libcrypto.dylib; sourceTree = SDKROOT; };
/* End PBXFileReference section */

/* Begin PBXFrameworksBuildPhase section */
		5B3A55C71ABA4FE200A2D9F7 /* Frameworks */ = {
			isa = PBXFrameworksBuildPhase;
			buildActionMask = 2147483647;
			files = (
				5BF51C461ABABE7A00CA470F /* libcrypto.dylib in Frameworks */,
			);
			runOnlyForDeploymentPostprocessing = 0;
		};
/* End PBXFrameworksBuildPhase section */

/* Begin PBXGroup section */
		5B3A55C11ABA4FE200A2D9F7 = {
			isa = PBXGroup;
			children = (
				5BF51C451ABABE7A00CA470F /* libcrypto.dylib */,
				5B3A55CD1ABA4FE200A2D9F7 /* FlyingJavabo */,
				5B3A55CC1ABA4FE200A2D9F7 /* Products */,
			);
			sourceTree = "<group>";
		};
		5B3A55CC1ABA4FE200A2D9F7 /* Products */ = {
			isa = PBXGroup;
			children = (
				5B3A55CB1ABA4FE200A2D9F7 /* FlyingJavabo.saver */,
			);
			name = Products;
			sourceTree = "<group>";
		};
		5B3A55CD1ABA4FE200A2D9F7 /* FlyingJavabo */ = {
			isa = PBXGroup;
			children = (
				5B3A55D01ABA4FE200A2D9F7 /* FlyingJavaboView.h */,
				5B3A55D21ABA4FE200A2D9F7 /* FlyingJavaboView.m */,
				5B3A55CE1ABA4FE200A2D9F7 /* Supporting Files */,
				5B3A55D91ABA58EC00A2D9F7 /* JavaboGLView.h */,
				5B3A55DA1ABA58EC00A2D9F7 /* JavaboGLView.m */,
				5B3A55DF1ABA78D200A2D9F7 /* floor.c */,
				5B0F20B51ABD3D460015B2D6 /* shadow.c */,
				5B3A55E91ABA994400A2D9F7 /* JavaButton.h */,
				5B5D92301ABC0DD900AD7009 /* Duke.h */,
				5B5D92311ABC0DD900AD7009 /* Duke.m */,
				5B3A55EA1ABA994400A2D9F7 /* JavaButton.m */,
				5B3A55E31ABA8D8200A2D9F7 /* sky.c */,
			);
			path = FlyingJavabo;
			sourceTree = "<group>";
		};
		5B3A55CE1ABA4FE200A2D9F7 /* Supporting Files */ = {
			isa = PBXGroup;
			children = (
				5B5D922E1ABC070500AD7009 /* duke.png */,
				5B3A55E71ABA98B100A2D9F7 /* javabutton.png */,
				5B3A55CF1ABA4FE200A2D9F7 /* Info.plist */,
			);
			name = "Supporting Files";
			sourceTree = "<group>";
		};
/* End PBXGroup section */

/* Begin PBXHeadersBuildPhase section */
		5B3A55C81ABA4FE200A2D9F7 /* Headers */ = {
			isa = PBXHeadersBuildPhase;
			buildActionMask = 2147483647;
			files = (
				5B3A55D11ABA4FE200A2D9F7 /* FlyingJavaboView.h in Headers */,
				5B5D92321ABC0DD900AD7009 /* Duke.h in Headers */,
				5B3A55DB1ABA58EC00A2D9F7 /* JavaboGLView.h in Headers */,
				5B3A55EB1ABA994400A2D9F7 /* JavaButton.h in Headers */,
			);
			runOnlyForDeploymentPostprocessing = 0;
		};
/* End PBXHeadersBuildPhase section */

/* Begin PBXNativeTarget section */
		5B3A55CA1ABA4FE200A2D9F7 /* FlyingJavabo */ = {
			isa = PBXNativeTarget;
			buildConfigurationList = 5B3A55D61ABA4FE200A2D9F7 /* Build configuration list for PBXNativeTarget "FlyingJavabo" */;
			buildPhases = (
				5B3A55C61ABA4FE200A2D9F7 /* Sources */,
				5B3A55C71ABA4FE200A2D9F7 /* Frameworks */,
				5B3A55C81ABA4FE200A2D9F7 /* Headers */,
				5B3A55C91ABA4FE200A2D9F7 /* Resources */,
			);
			buildRules = (
			);
			dependencies = (
			);
			name = FlyingJavabo;
			productName = FlyingJavabo;
			productReference = 5B3A55CB1ABA4FE200A2D9F7 /* FlyingJavabo.saver */;
			productType = "com.apple.product-type.bundle";
		};
/* End PBXNativeTarget section */

/* Begin PBXProject section */
		5B3A55C21ABA4FE200A2D9F7 /* Project object */ = {
			isa = PBXProject;
			attributes = {
				LastUpgradeCheck = 0620;
				ORGANIZATIONNAME = "Arigato Java";
				TargetAttributes = {
					5B3A55CA1ABA4FE200A2D9F7 = {
						CreatedOnToolsVersion = 6.2;
					};
				};
			};
			buildConfigurationList = 5B3A55C51ABA4FE200A2D9F7 /* Build configuration list for PBXProject "FlyingJavabo" */;
			compatibilityVersion = "Xcode 3.2";
			developmentRegion = English;
			hasScannedForEncodings = 0;
			knownRegions = (
				en,
			);
			mainGroup = 5B3A55C11ABA4FE200A2D9F7;
			productRefGroup = 5B3A55CC1ABA4FE200A2D9F7 /* Products */;
			projectDirPath = "";
			projectRoot = "";
			targets = (
				5B3A55CA1ABA4FE200A2D9F7 /* FlyingJavabo */,
			);
		};
/* End PBXProject section */

/* Begin PBXResourcesBuildPhase section */
		5B3A55C91ABA4FE200A2D9F7 /* Resources */ = {
			isa = PBXResourcesBuildPhase;
			buildActionMask = 2147483647;
			files = (
				5B5D922F1ABC070500AD7009 /* duke.png in Resources */,
				5B3A55E81ABA98B100A2D9F7 /* javabutton.png in Resources */,
			);
			runOnlyForDeploymentPostprocessing = 0;
		};
/* End PBXResourcesBuildPhase section */

/* Begin PBXSourcesBuildPhase section */
		5B3A55C61ABA4FE200A2D9F7 /* Sources */ = {
			isa = PBXSourcesBuildPhase;
			buildActionMask = 2147483647;
			files = (
				5B3A55E11ABA78D200A2D9F7 /* floor.c in Sources */,
				5B3A55EC1ABA994400A2D9F7 /* JavaButton.m in Sources */,
				5B0F20B61ABD3D460015B2D6 /* shadow.c in Sources */,
				5B5D92331ABC0DD900AD7009 /* Duke.m in Sources */,
				5B3A55E51ABA8D8200A2D9F7 /* sky.c in Sources */,
				5B3A55DC1ABA58EC00A2D9F7 /* JavaboGLView.m in Sources */,
				5B3A55D31ABA4FE200A2D9F7 /* FlyingJavaboView.m in Sources */,
			);
			runOnlyForDeploymentPostprocessing = 0;
		};
/* End PBXSourcesBuildPhase section */

/* Begin XCBuildConfiguration section */
		5B3A55D41ABA4FE200A2D9F7 /* Debug */ = {
			isa = XCBuildConfiguration;
			buildSettings = {
				ALWAYS_SEARCH_USER_PATHS = NO;
				CLANG_CXX_LANGUAGE_STANDARD = "gnu++0x";
				CLANG_CXX_LIBRARY = "libc++";
				CLANG_ENABLE_MODULES = YES;
				CLANG_ENABLE_OBJC_ARC = YES;
				CLANG_WARN_BOOL_CONVERSION = YES;
				CLANG_WARN_CONSTANT_CONVERSION = YES;
				CLANG_WARN_DIRECT_OBJC_ISA_USAGE = YES_ERROR;
				CLANG_WARN_EMPTY_BODY = YES;
				CLANG_WARN_ENUM_CONVERSION = YES;
				CLANG_WARN_INT_CONVERSION = YES;
				CLANG_WARN_OBJC_ROOT_CLASS = YES_ERROR;
				CLANG_WARN_UNREACHABLE_CODE = YES;
				CLANG_WARN__DUPLICATE_METHOD_MATCH = YES;
				COPY_PHASE_STRIP = NO;
				ENABLE_STRICT_OBJC_MSGSEND = YES;
				GCC_C_LANGUAGE_STANDARD = gnu99;
				GCC_DYNAMIC_NO_PIC = NO;
				GCC_OPTIMIZATION_LEVEL = 0;
				GCC_PREPROCESSOR_DEFINITIONS = (
					"DEBUG=1",
					"$(inherited)",
				);
				GCC_SYMBOLS_PRIVATE_EXTERN = NO;
				GCC_WARN_64_TO_32_BIT_CONVERSION = YES;
				GCC_WARN_ABOUT_RETURN_TYPE = YES_ERROR;
				GCC_WARN_UNDECLARED_SELECTOR = YES;
				GCC_WARN_UNINITIALIZED_AUTOS = YES_AGGRESSIVE;
				GCC_WARN_UNUSED_FUNCTION = YES;
				GCC_WARN_UNUSED_VARIABLE = YES;
				MACOSX_DEPLOYMENT_TARGET = 10.9;
				MTL_ENABLE_DEBUG_INFO = YES;
				ONLY_ACTIVE_ARCH = YES;
				SDKROOT = macosx;
			};
			name = Debug;
		};
		5B3A55D51ABA4FE200A2D9F7 /* Release */ = {
			isa = XCBuildConfiguration;
			buildSettings = {
				ALWAYS_SEARCH_USER_PATHS = NO;
				CLANG_CXX_LANGUAGE_STANDARD = "gnu++0x";
				CLANG_CXX_LIBRARY = "libc++";
				CLANG_ENABLE_MODULES = YES;
				CLANG_ENABLE_OBJC_ARC = YES;
				CLANG_WARN_BOOL_CONVERSION = YES;
				CLANG_WARN_CONSTANT_CONVERSION = YES;
				CLANG_WARN_DIRECT_OBJC_ISA_USAGE = YES_ERROR;
				CLANG_WARN_EMPTY_BODY = YES;
				CLANG_WARN_ENUM_CONVERSION = YES;
				CLANG_WARN_INT_CONVERSION = YES;
				CLANG_WARN_OBJC_ROOT_CLASS = YES_ERROR;
				CLANG_WARN_UNREACHABLE_CODE = YES;
				CLANG_WARN__DUPLICATE_METHOD_MATCH = YES;
				COPY_PHASE_STRIP = NO;
				DEBUG_INFORMATION_FORMAT = "dwarf-with-dsym";
				ENABLE_NS_ASSERTIONS = NO;
				ENABLE_STRICT_OBJC_MSGSEND = YES;
				GCC_C_LANGUAGE_STANDARD = gnu99;
				GCC_WARN_64_TO_32_BIT_CONVERSION = YES;
				GCC_WARN_ABOUT_RETURN_TYPE = YES_ERROR;
				GCC_WARN_UNDECLARED_SELECTOR = YES;
				GCC_WARN_UNINITIALIZED_AUTOS = YES_AGGRESSIVE;
				GCC_WARN_UNUSED_FUNCTION = YES;
				GCC_WARN_UNUSED_VARIABLE = YES;
				MACOSX_DEPLOYMENT_TARGET = 10.9;
				MTL_ENABLE_DEBUG_INFO = NO;
				SDKROOT = macosx;
			};
			name = Release;
		};
		5B3A55D71ABA4FE200A2D9F7 /* Debug */ = {
			isa = XCBuildConfiguration;
			buildSettings = {
				COMBINE_HIDPI_IMAGES = YES;
				INFOPLIST_FILE = FlyingJavabo/Info.plist;
				INSTALL_PATH = "$(HOME)/Library/Screen Savers";
				PRODUCT_NAME = "$(TARGET_NAME)";
				WRAPPER_EXTENSION = saver;
			};
			name = Debug;
		};
		5B3A55D81ABA4FE200A2D9F7 /* Release */ = {
			isa = XCBuildConfiguration;
			buildSettings = {
				COMBINE_HIDPI_IMAGES = YES;
				INFOPLIST_FILE = FlyingJavabo/Info.plist;
				INSTALL_PATH = "$(HOME)/Library/Screen Savers";
				PRODUCT_NAME = "$(TARGET_NAME)";
				WRAPPER_EXTENSION = saver;
			};
			name = Release;
		};
/* End XCBuildConfiguration section */

/* Begin XCConfigurationList section */
		5B3A55C51ABA4FE200A2D9F7 /* Build configuration list for PBXProject "FlyingJavabo" */ = {
			isa = XCConfigurationList;
			buildConfigurations = (
				5B3A55D41ABA4FE200A2D9F7 /* Debug */,
				5B3A55D51ABA4FE200A2D9F7 /* Release */,
			);
			defaultConfigurationIsVisible = 0;
			defaultConfigurationName = Release;
		};
		5B3A55D61ABA4FE200A2D9F7 /* Build configuration list for PBXNativeTarget "FlyingJavabo" */ = {
			isa = XCConfigurationList;
			buildConfigurations = (
				5B3A55D71ABA4FE200A2D9F7 /* Debug */,
				5B3A55D81ABA4FE200A2D9F7 /* Release */,
			);
			defaultConfigurationIsVisible = 0;
			defaultConfigurationName = Release;
		};
/* End XCConfigurationList section */
	};
	rootObject = 5B3A55C21ABA4FE200A2D9F7 /* Project object */;
}
